Microsoft Visual Studio Solution File, Format Version 12.00
# Visual Studio Version 17
VisualStudioVersion = 17.5.2.0
MinimumVisualStudioVersion = 10.0.40219.1
Project("{FAE04EC0-301F-11D3-BF4B-00C04F79EFBC}") = "Lista-de-Exercicios-Variaveis-Estruturadas", "Lista-de-Exercicios-Variaveis-Estruturadas.csproj", "{229F3293-9135-685E-DF1F-F9665A890191}"
EndProject
Global
	GlobalSection(SolutionConfigurationPlatforms) = preSolution
		Debug|Any CPU = Debug|Any CPU
		Release|Any CPU = Release|Any CPU
	EndGlobalSection
	GlobalSection(ProjectConfigurationPlatforms) = postSolution
		{229F3293-9135-685E-DF1F-F9665A890191}.Debug|Any CPU.ActiveCfg = Debug|Any CPU
		{229F3293-9135-685E-DF1F-F9665A890191}.Debug|Any CPU.Build.0 = Debug|Any CPU
		{229F3293-9135-685E-DF1F-F9665A890191}.Release|Any CPU.ActiveCfg = Release|Any CPU
		{229F3293-9135-685E-DF1F-F9665A890191}.Release|Any CPU.Build.0 = Release|Any CPU
	EndGlobalSection
	GlobalSection(SolutionProperties) = preSolution
		HideSolutionNode = FALSE
	EndGlobalSection
	GlobalSection(ExtensibilityGlobals) = postSolution
		SolutionGuid = {3FBF4B61-2C2E-4E8E-AB8F-C5CEB1267FC5}
	EndGlobalSection
EndGlobal
